
Microsoft Visual Studio Solution File, Format Version 12.00
# Visual Studio 14
VisualStudioVersion = 14.0.23107.0
MinimumVisualStudioVersion = 10.0.40219.1
Project("{FAE04EC0-301F-11D3-BF4B-00C04F79EFBC}") = "Combined2DAnd3D", "Combined2DAnd3D\Combined2DAnd3D.csproj", "{8A8AC6B7-955F-4E20-825C-ED52875EA093}"
EndProject
Project("{FAE04EC0-301F-11D3-BF4B-00C04F79EFBC}") = "KeyContextSimulator", "KeyContextSimulator\KeyContextSimulator.csproj", "{5B11FF58-DB00-4F4A-B592-833A16944EB1}"
EndProject
Project("{FAE04EC0-301F-11D3-BF4B-00C04F79EFBC}") = "Server", "Server\Server.csproj", "{4038403D-EAFA-4B0B-8687-FF60101267E8}"
EndProject
Global
	GlobalSection(SolutionConfigurationPlatforms) = preSolution
		Debug|Any CPU = Debug|Any CPU
		Debug|Mixed Platforms = Debug|Mixed Platforms
		Debug|x86 = Debug|x86
		Release|Any CPU = Release|Any CPU
		Release|Mixed Platforms = Release|Mixed Platforms
		Release|x86 = Release|x86
	EndGlobalSection
	GlobalSection(ProjectConfigurationPlatforms) = postSolution
		{8A8AC6B7-955F-4E20-825C-ED52875EA093}.Debug|Any CPU.ActiveCfg = Debug|Any CPU
		{8A8AC6B7-955F-4E20-825C-ED52875EA093}.Debug|Any CPU.Build.0 = Debug|Any CPU
		{8A8AC6B7-955F-4E20-825C-ED52875EA093}.Debug|Mixed Platforms.ActiveCfg = Debug|x86
		{8A8AC6B7-955F-4E20-825C-ED52875EA093}.Debug|Mixed Platforms.Build.0 = Debug|x86
		{8A8AC6B7-955F-4E20-825C-ED52875EA093}.Debug|x86.ActiveCfg = Debug|x86
		{8A8AC6B7-955F-4E20-825C-ED52875EA093}.Debug|x86.Build.0 = Debug|x86
		{8A8AC6B7-955F-4E20-825C-ED52875EA093}.Release|Any CPU.ActiveCfg = Release|Any CPU
		{8A8AC6B7-955F-4E20-825C-ED52875EA093}.Release|Any CPU.Build.0 = Release|Any CPU
		{8A8AC6B7-955F-4E20-825C-ED52875EA093}.Release|Mixed Platforms.ActiveCfg = Release|x86
		{8A8AC6B7-955F-4E20-825C-ED52875EA093}.Release|Mixed Platforms.Build.0 = Release|x86
		{8A8AC6B7-955F-4E20-825C-ED52875EA093}.Release|x86.ActiveCfg = Release|x86
		{8A8AC6B7-955F-4E20-825C-ED52875EA093}.Release|x86.Build.0 = Release|x86
		{5B11FF58-DB00-4F4A-B592-833A16944EB1}.Debug|Any CPU.ActiveCfg = Debug|Any CPU
		{5B11FF58-DB00-4F4A-B592-833A16944EB1}.Debug|Any CPU.Build.0 = Debug|Any CPU
		{5B11FF58-DB00-4F4A-B592-833A16944EB1}.Debug|Mixed Platforms.ActiveCfg = Debug|Any CPU
		{5B11FF58-DB00-4F4A-B592-833A16944EB1}.Debug|Mixed Platforms.Build.0 = Debug|Any CPU
		{5B11FF58-DB00-4F4A-B592-833A16944EB1}.Debug|x86.ActiveCfg = Debug|Any CPU
		{5B11FF58-DB00-4F4A-B592-833A16944EB1}.Release|Any CPU.ActiveCfg = Release|Any CPU
		{5B11FF58-DB00-4F4A-B592-833A16944EB1}.Release|Any CPU.Build.0 = Release|Any CPU
		{5B11FF58-DB00-4F4A-B592-833A16944EB1}.Release|Mixed Platforms.ActiveCfg = Release|Any CPU
		{5B11FF58-DB00-4F4A-B592-833A16944EB1}.Release|Mixed Platforms.Build.0 = Release|Any CPU
		{5B11FF58-DB00-4F4A-B592-833A16944EB1}.Release|x86.ActiveCfg = Release|Any CPU
		{4038403D-EAFA-4B0B-8687-FF60101267E8}.Debug|Any CPU.ActiveCfg = Debug|Any CPU
		{4038403D-EAFA-4B0B-8687-FF60101267E8}.Debug|Any CPU.Build.0 = Debug|Any CPU
		{4038403D-EAFA-4B0B-8687-FF60101267E8}.Debug|Mixed Platforms.ActiveCfg = Debug|Any CPU
		{4038403D-EAFA-4B0B-8687-FF60101267E8}.Debug|Mixed Platforms.Build.0 = Debug|Any CPU
		{4038403D-EAFA-4B0B-8687-FF60101267E8}.Debug|x86.ActiveCfg = Debug|Any CPU
		{4038403D-EAFA-4B0B-8687-FF60101267E8}.Debug|x86.Build.0 = Debug|Any CPU
		{4038403D-EAFA-4B0B-8687-FF60101267E8}.Release|Any CPU.ActiveCfg = Release|Any CPU
		{4038403D-EAFA-4B0B-8687-FF60101267E8}.Release|Any CPU.Build.0 = Release|Any CPU
		{4038403D-EAFA-4B0B-8687-FF60101267E8}.Release|Mixed Platforms.ActiveCfg = Release|Any CPU
		{4038403D-EAFA-4B0B-8687-FF60101267E8}.Release|Mixed Platforms.Build.0 = Release|Any CPU
		{4038403D-EAFA-4B0B-8687-FF60101267E8}.Release|x86.ActiveCfg = Release|Any CPU
		{4038403D-EAFA-4B0B-8687-FF60101267E8}.Release|x86.Build.0 = Release|Any CPU
	EndGlobalSection
	GlobalSection(SolutionProperties) = preSolution
		HideSolutionNode = FALSE
	EndGlobalSection
EndGlobal
